// !$*UTF8*$!
{
	archiveVersion = 1;
	classes = {
	};
	objectVersion = 50;
	objects = {

/* Begin PBXBuildFile section */
		4E14947123F476B000E84126 /* AppDelegate.swift in Sources */ = {isa = PBXBuildFile; fileRef = 4E14947023F476B000E84126 /* AppDelegate.swift */; };
		4E14947323F476B000E84126 /* SceneDelegate.swift in Sources */ = {isa = PBXBuildFile; fileRef = 4E14947223F476B000E84126 /* SceneDelegate.swift */; };
		4E14947823F476B000E84126 /* Main.storyboard in Resources */ = {isa = PBXBuildFile; fileRef = 4E14947623F476B000E84126 /* Main.storyboard */; };
		4E14947B23F476B000E84126 /* FinanceCalculator.xcdatamodeld in Sources */ = {isa = PBXBuildFile; fileRef = 4E14947923F476B000E84126 /* FinanceCalculator.xcdatamodeld */; };
		4E14947D23F476B600E84126 /* Assets.xcassets in Resources */ = {isa = PBXBuildFile; fileRef = 4E14947C23F476B600E84126 /* Assets.xcassets */; };
		4E14948023F476B600E84126 /* LaunchScreen.storyboard in Resources */ = {isa = PBXBuildFile; fileRef = 4E14947E23F476B600E84126 /* LaunchScreen.storyboard */; };
		4E14948B23F476B600E84126 /* FinanceCalculatorTests.swift in Sources */ = {isa = PBXBuildFile; fileRef = 4E14948A23F476B600E84126 /* FinanceCalculatorTests.swift */; };
		4E14949623F476B600E84126 /* FinanceCalculatorUITests.swift in Sources */ = {isa = PBXBuildFile; fileRef = 4E14949523F476B600E84126 /* FinanceCalculatorUITests.swift */; };
		4E753CC324083D5F00A20462 /* TabBarController.swift in Sources */ = {isa = PBXBuildFile; fileRef = 4E753CC224083D5F00A20462 /* TabBarController.swift */; };
		4E753CC524083FBB00A20462 /* CalculationsViewController.swift in Sources */ = {isa = PBXBuildFile; fileRef = 4E753CC424083FBB00A20462 /* CalculationsViewController.swift */; };
		4E753CC724083FD800A20462 /* HistoryViewController.swift in Sources */ = {isa = PBXBuildFile; fileRef = 4E753CC624083FD800A20462 /* HistoryViewController.swift */; };
		4E753CC924083FFA00A20462 /* HelpViewController.swift in Sources */ = {isa = PBXBuildFile; fileRef = 4E753CC824083FFA00A20462 /* HelpViewController.swift */; };
		4E88B5462412C0190045E919 /* Calculation.swift in Sources */ = {isa = PBXBuildFile; fileRef = 4E88B5452412C0190045E919 /* Calculation.swift */; };
		4E88B5482412C07D0045E919 /* CalculationViewCell.swift in Sources */ = {isa = PBXBuildFile; fileRef = 4E88B5472412C07D0045E919 /* CalculationViewCell.swift */; };
		4E88B54A2412DE610045E919 /* CompoundInterestSavings.swift in Sources */ = {isa = PBXBuildFile; fileRef = 4E88B5492412DE610045E919 /* CompoundInterestSavings.swift */; };
		4E88B54C2412DE820045E919 /* Loans.swift in Sources */ = {isa = PBXBuildFile; fileRef = 4E88B54B2412DE820045E919 /* Loans.swift */; };
		4E88B54E2412DE960045E919 /* Mortgage.swift in Sources */ = {isa = PBXBuildFile; fileRef = 4E88B54D2412DE960045E919 /* Mortgage.swift */; };
		4E88B55424143EED0045E919 /* CardCell.swift in Sources */ = {isa = PBXBuildFile; fileRef = 4E88B55224143EED0045E919 /* CardCell.swift */; };
		4E88B55524143EED0045E919 /* CardCell.xib in Resources */ = {isa = PBXBuildFile; fileRef = 4E88B55324143EED0045E919 /* CardCell.xib */; };
		4E88B55724161F260045E919 /* MortgageViewController.swift in Sources */ = {isa = PBXBuildFile; fileRef = 4E88B55624161F260045E919 /* MortgageViewController.swift */; };
		4E88B559241633180045E919 /* UITextField+PlaceHolderColor.swift in Sources */ = {isa = PBXBuildFile; fileRef = 4E88B558241633180045E919 /* UITextField+PlaceHolderColor.swift */; };
		4E88B55B241636150045E919 /* UITextField+CustomKeyboard.swift in Sources */ = {isa = PBXBuildFile; fileRef = 4E88B55A241636150045E919 /* UITextField+CustomKeyboard.swift */; };
		4E88B55D241636310045E919 /* UIViewController+HideKeyboard.swift in Sources */ = {isa = PBXBuildFile; fileRef = 4E88B55C241636310045E919 /* UIViewController+HideKeyboard.swift */; };
		4E88B55F24169DD80045E919 /* UIViewcontroller+DisplayValidationAlerts.swift in Sources */ = {isa = PBXBuildFile; fileRef = 4E88B55E24169DD70045E919 /* UIViewcontroller+DisplayValidationAlerts.swift */; };
		4E88B56324173B0D0045E919 /* Conversions.swift in Sources */ = {isa = PBXBuildFile; fileRef = 4E88B56224173B0D0045E919 /* Conversions.swift */; };
		4EAD2E2723F5F74900E99281 /* CustomKeyboard.swift in Sources */ = {isa = PBXBuildFile; fileRef = 4EAD2E2623F5F74900E99281 /* CustomKeyboard.swift */; };
		4EAD2E2923F5F78000E99281 /* CustomKeyboard.xib in Resources */ = {isa = PBXBuildFile; fileRef = 4EAD2E2823F5F78000E99281 /* CustomKeyboard.xib */; };
/* End PBXBuildFile section */

/* Begin PBXContainerItemProxy section */
		4E14948723F476B600E84126 /* PBXContainerItemProxy */ = {
			isa = PBXContainerItemProxy;
			containerPortal = 4E14946523F476B000E84126 /* Project object */;
			proxyType = 1;
			remoteGlobalIDString = 4E14946C23F476B000E84126;
			remoteInfo = FinanceCalculator;
		};
		4E14949223F476B600E84126 /* PBXContainerItemProxy */ = {
			isa = PBXContainerItemProxy;
			containerPortal = 4E14946523F476B000E84126 /* Project object */;
			proxyType = 1;
			remoteGlobalIDString = 4E14946C23F476B000E84126;
			remoteInfo = FinanceCalculator;
		};
/* End PBXContainerItemProxy section */

/* Begin PBXFileReference section */
		4E14946D23F476B000E84126 /* Finance Calculator.app */ = {isa = PBXFileReference; explicitFileType = wrapper.application; includeInIndex = 0; path = "Finance Calculator.app"; sourceTree = BUILT_PRODUCTS_DIR; };
		4E14947023F476B000E84126 /* AppDelegate.swift */ = {isa = PBXFileReference; lastKnownFileType = sourcecode.swift; path = AppDelegate.swift; sourceTree = "<group>"; };
		4E14947223F476B000E84126 /* SceneDelegate.swift */ = {isa = PBXFileReference; lastKnownFileType = sourcecode.swift; path = SceneDelegate.swift; sourceTree = "<group>"; };
		4E14947723F476B000E84126 /* Base */ = {isa = PBXFileReference; lastKnownFileType = file.storyboard; name = Base; path = Base.lproj/Main.storyboard; sourceTree = "<group>"; };
		4E14947A23F476B000E84126 /* FinanceCalculator.xcdatamodel */ = {isa = PBXFileReference; lastKnownFileType = wrapper.xcdatamodel; path = FinanceCalculator.xcdatamodel; sourceTree = "<group>"; };
		4E14947C23F476B600E84126 /* Assets.xcassets */ = {isa = PBXFileReference; lastKnownFileType = folder.assetcatalog; path = Assets.xcassets; sourceTree = "<group>"; };
		4E14947F23F476B600E84126 /* Base */ = {isa = PBXFileReference; lastKnownFileType = file.storyboard; name = Base; path = Base.lproj/LaunchScreen.storyboard; sourceTree = "<group>"; };
		4E14948123F476B600E84126 /* Info.plist */ = {isa = PBXFileReference; lastKnownFileType = text.plist.xml; path = Info.plist; sourceTree = "<group>"; };
		4E14948623F476B600E84126 /* FinanceCalculatorTests.xctest */ = {isa = PBXFileReference; explicitFileType = wrapper.cfbundle; includeInIndex = 0; path = FinanceCalculatorTests.xctest; sourceTree = BUILT_PRODUCTS_DIR; };
		4E14948A23F476B600E84126 /* FinanceCalculatorTests.swift */ = {isa = PBXFileReference; lastKnownFileType = sourcecode.swift; path = FinanceCalculatorTests.swift; sourceTree = "<group>"; };
		4E14948C23F476B600E84126 /* Info.plist */ = {isa = PBXFileReference; lastKnownFileType = text.plist.xml; path = Info.plist; sourceTree = "<group>"; };
		4E14949123F476B600E84126 /* FinanceCalculatorUITests.xctest */ = {isa = PBXFileReference; explicitFileType = wrapper.cfbundle; includeInIndex = 0; path = FinanceCalculatorUITests.xctest; sourceTree = BUILT_PRODUCTS_DIR; };
		4E14949523F476B600E84126 /* FinanceCalculatorUITests.swift */ = {isa = PBXFileReference; lastKnownFileType = sourcecode.swift; path = FinanceCalculatorUITests.swift; sourceTree = "<group>"; };
		4E14949723F476B600E84126 /* Info.plist */ = {isa = PBXFileReference; lastKnownFileType = text.plist.xml; path = Info.plist; sourceTree = "<group>"; };
		4E753CC224083D5F00A20462 /* TabBarController.swift */ = {isa = PBXFileReference; lastKnownFileType = sourcecode.swift; path = TabBarController.swift; sourceTree = "<group>"; };
		4E753CC424083FBB00A20462 /* CalculationsViewController.swift */ = {isa = PBXFileReference; lastKnownFileType = sourcecode.swift; path = CalculationsViewController.swift; sourceTree = "<group>"; };
		4E753CC624083FD800A20462 /* HistoryViewController.swift */ = {isa = PBXFileReference; lastKnownFileType = sourcecode.swift; path = HistoryViewController.swift; sourceTree = "<group>"; };
		4E753CC824083FFA00A20462 /* HelpViewController.swift */ = {isa = PBXFileReference; lastKnownFileType = sourcecode.swift; path = HelpViewController.swift; sourceTree = "<group>"; };
		4E88B5452412C0190045E919 /* Calculation.swift */ = {isa = PBXFileReference; lastKnownFileType = sourcecode.swift; path = Calculation.swift; sourceTree = "<group>"; };
		4E88B5472412C07D0045E919 /* CalculationViewCell.swift */ = {isa = PBXFileReference; lastKnownFileType = sourcecode.swift; path = CalculationViewCell.swift; sourceTree = "<group>"; };
		4E88B5492412DE610045E919 /* CompoundInterestSavings.swift */ = {isa = PBXFileReference; lastKnownFileType = sourcecode.swift; path = CompoundInterestSavings.swift; sourceTree = "<group>"; };
		4E88B54B2412DE820045E919 /* Loans.swift */ = {isa = PBXFileReference; lastKnownFileType = sourcecode.swift; path = Loans.swift; sourceTree = "<group>"; };
		4E88B54D2412DE960045E919 /* Mortgage.swift */ = {isa = PBXFileReference; lastKnownFileType = sourcecode.swift; path = Mortgage.swift; sourceTree = "<group>"; };
		4E88B55224143EED0045E919 /* CardCell.swift */ = {isa = PBXFileReference; lastKnownFileType = sourcecode.swift; path = CardCell.swift; sourceTree = "<group>"; };
		4E88B55324143EED0045E919 /* CardCell.xib */ = {isa = PBXFileReference; lastKnownFileType = file.xib; path = CardCell.xib; sourceTree = "<group>"; };
		4E88B55624161F260045E919 /* MortgageViewController.swift */ = {isa = PBXFileReference; lastKnownFileType = sourcecode.swift; path = MortgageViewController.swift; sourceTree = "<group>"; };
		4E88B558241633180045E919 /* UITextField+PlaceHolderColor.swift */ = {isa = PBXFileReference; lastKnownFileType = sourcecode.swift; path = "UITextField+PlaceHolderColor.swift"; sourceTree = "<group>"; };
		4E88B55A241636150045E919 /* UITextField+CustomKeyboard.swift */ = {isa = PBXFileReference; lastKnownFileType = sourcecode.swift; path = "UITextField+CustomKeyboard.swift"; sourceTree = "<group>"; };
		4E88B55C241636310045E919 /* UIViewController+HideKeyboard.swift */ = {isa = PBXFileReference; lastKnownFileType = sourcecode.swift; path = "UIViewController+HideKeyboard.swift"; sourceTree = "<group>"; };
		4E88B55E24169DD70045E919 /* UIViewcontroller+DisplayValidationAlerts.swift */ = {isa = PBXFileReference; lastKnownFileType = sourcecode.swift; path = "UIViewcontroller+DisplayValidationAlerts.swift"; sourceTree = "<group>"; };
		4E88B56224173B0D0045E919 /* Conversions.swift */ = {isa = PBXFileReference; lastKnownFileType = sourcecode.swift; path = Conversions.swift; sourceTree = "<group>"; };
		4EAD2E2623F5F74900E99281 /* CustomKeyboard.swift */ = {isa = PBXFileReference; lastKnownFileType = sourcecode.swift; path = CustomKeyboard.swift; sourceTree = "<group>"; };
		4EAD2E2823F5F78000E99281 /* CustomKeyboard.xib */ = {isa = PBXFileReference; lastKnownFileType = file.xib; path = CustomKeyboard.xib; sourceTree = "<group>"; };
/* End PBXFileReference section */

/* Begin PBXFrameworksBuildPhase section */
		4E14946A23F476B000E84126 /* Frameworks */ = {
			isa = PBXFrameworksBuildPhase;
			buildActionMask = 2147483647;
			files = (
			);
			runOnlyForDeploymentPostprocessing = 0;
		};
		4E14948323F476B600E84126 /* Frameworks */ = {
			isa = PBXFrameworksBuildPhase;
			buildActionMask = 2147483647;
			files = (
			);
			runOnlyForDeploymentPostprocessing = 0;
		};
		4E14948E23F476B600E84126 /* Frameworks */ = {
			isa = PBXFrameworksBuildPhase;
			buildActionMask = 2147483647;
			files = (
			);
			runOnlyForDeploymentPostprocessing = 0;
		};
/* End PBXFrameworksBuildPhase section */

/* Begin PBXGroup section */
		4E14946423F476B000E84126 = {
			isa = PBXGroup;
			children = (
				4E14946F23F476B000E84126 /* FinanceCalculator */,
				4E14948923F476B600E84126 /* FinanceCalculatorTests */,
				4E14949423F476B600E84126 /* FinanceCalculatorUITests */,
				4E14946E23F476B000E84126 /* Products */,
			);
			sourceTree = "<group>";
		};
		4E14946E23F476B000E84126 /* Products */ = {
			isa = PBXGroup;
			children = (
				4E14946D23F476B000E84126 /* Finance Calculator.app */,
				4E14948623F476B600E84126 /* FinanceCalculatorTests.xctest */,
				4E14949123F476B600E84126 /* FinanceCalculatorUITests.xctest */,
			);
			name = Products;
			sourceTree = "<group>";
		};
		4E14946F23F476B000E84126 /* FinanceCalculator */ = {
			isa = PBXGroup;
			children = (
				4E1494A923F4B66A00E84126 /* Controller */,
				4E1494A823F4B65C00E84126 /* View */,
				4E1494A723F4B63C00E84126 /* Model */,
				4E1494A623F4B63000E84126 /* Extensions */,
				4E1494A423F4B60E00E84126 /* Helpers */,
				4E14947023F476B000E84126 /* AppDelegate.swift */,
				4E14947223F476B000E84126 /* SceneDelegate.swift */,
				4E14947C23F476B600E84126 /* Assets.xcassets */,
				4E14948123F476B600E84126 /* Info.plist */,
				4E14947923F476B000E84126 /* FinanceCalculator.xcdatamodeld */,
			);
			path = FinanceCalculator;
			sourceTree = "<group>";
		};
		4E14948923F476B600E84126 /* FinanceCalculatorTests */ = {
			isa = PBXGroup;
			children = (
				4E14948A23F476B600E84126 /* FinanceCalculatorTests.swift */,
				4E14948C23F476B600E84126 /* Info.plist */,
			);
			path = FinanceCalculatorTests;
			sourceTree = "<group>";
		};
		4E14949423F476B600E84126 /* FinanceCalculatorUITests */ = {
			isa = PBXGroup;
			children = (
				4E14949523F476B600E84126 /* FinanceCalculatorUITests.swift */,
				4E14949723F476B600E84126 /* Info.plist */,
			);
			path = FinanceCalculatorUITests;
			sourceTree = "<group>";
		};
		4E1494A423F4B60E00E84126 /* Helpers */ = {
			isa = PBXGroup;
			children = (
			);
			path = Helpers;
			sourceTree = "<group>";
		};
		4E1494A523F4B61E00E84126 /* UIViewContoller+Calculations */ = {
			isa = PBXGroup;
			children = (
				4E88B56224173B0D0045E919 /* Conversions.swift */,
				4E88B5492412DE610045E919 /* CompoundInterestSavings.swift */,
				4E88B54B2412DE820045E919 /* Loans.swift */,
				4E88B54D2412DE960045E919 /* Mortgage.swift */,
			);
			path = "UIViewContoller+Calculations";
			sourceTree = "<group>";
		};
		4E1494A623F4B63000E84126 /* Extensions */ = {
			isa = PBXGroup;
			children = (
				4E1494A523F4B61E00E84126 /* UIViewContoller+Calculations */,
				4E88B558241633180045E919 /* UITextField+PlaceHolderColor.swift */,
				4E88B55A241636150045E919 /* UITextField+CustomKeyboard.swift */,
				4E88B55C241636310045E919 /* UIViewController+HideKeyboard.swift */,
				4E88B55E24169DD70045E919 /* UIViewcontroller+DisplayValidationAlerts.swift */,
			);
			path = Extensions;
			sourceTree = "<group>";
		};
		4E1494A723F4B63C00E84126 /* Model */ = {
			isa = PBXGroup;
			children = (
				4E88B5452412C0190045E919 /* Calculation.swift */,
				4E88B5472412C07D0045E919 /* CalculationViewCell.swift */,
			);
			path = Model;
			sourceTree = "<group>";
		};
		4E1494A823F4B65C00E84126 /* View */ = {
			isa = PBXGroup;
			children = (
				4E88B54F24143E630045E919 /* CardCell */,
				4EAD2E2523F5F61400E99281 /* CustomKeyboard */,
				4E14947E23F476B600E84126 /* LaunchScreen.storyboard */,
				4E14947623F476B000E84126 /* Main.storyboard */,
			);
			path = View;
			sourceTree = "<group>";
		};
		4E1494A923F4B66A00E84126 /* Controller */ = {
			isa = PBXGroup;
			children = (
				4E753CC224083D5F00A20462 /* TabBarController.swift */,
				4E753CC424083FBB00A20462 /* CalculationsViewController.swift */,
				4E753CC624083FD800A20462 /* HistoryViewController.swift */,
				4E753CC824083FFA00A20462 /* HelpViewController.swift */,
				4E88B55624161F260045E919 /* MortgageViewController.swift */,
			);
			path = Controller;
			sourceTree = "<group>";
		};
		4E88B54F24143E630045E919 /* CardCell */ = {
			isa = PBXGroup;
			children = (
				4E88B55224143EED0045E919 /* CardCell.swift */,
				4E88B55324143EED0045E919 /* CardCell.xib */,
			);
			path = CardCell;
			sourceTree = "<group>";
		};
		4EAD2E2523F5F61400E99281 /* CustomKeyboard */ = {
			isa = PBXGroup;
			children = (
				4EAD2E2623F5F74900E99281 /* CustomKeyboard.swift */,
				4EAD2E2823F5F78000E99281 /* CustomKeyboard.xib */,
			);
			path = CustomKeyboard;
			sourceTree = "<group>";
		};
/* End PBXGroup section */

/* Begin PBXNativeTarget section */
		4E14946C23F476B000E84126 /* FinanceCalculator */ = {
			isa = PBXNativeTarget;
			buildConfigurationList = 4E14949A23F476B600E84126 /* Build configuration list for PBXNativeTarget "FinanceCalculator" */;
			buildPhases = (
				4E14946923F476B000E84126 /* Sources */,
				4E14946A23F476B000E84126 /* Frameworks */,
				4E14946B23F476B000E84126 /* Resources */,
			);
			buildRules = (
			);
			dependencies = (
			);
			name = FinanceCalculator;
			productName = FinanceCalculator;
			productReference = 4E14946D23F476B000E84126 /* Finance Calculator.app */;
			productType = "com.apple.product-type.application";
		};
		4E14948523F476B600E84126 /* FinanceCalculatorTests */ = {
			isa = PBXNativeTarget;
			buildConfigurationList = 4E14949D23F476B600E84126 /* Build configuration list for PBXNativeTarget "FinanceCalculatorTests" */;
			buildPhases = (
				4E14948223F476B600E84126 /* Sources */,
				4E14948323F476B600E84126 /* Frameworks */,
				4E14948423F476B600E84126 /* Resources */,
			);
			buildRules = (
			);
			dependencies = (
				4E14948823F476B600E84126 /* PBXTargetDependency */,
			);
			name = FinanceCalculatorTests;
			productName = FinanceCalculatorTests;
			productReference = 4E14948623F476B600E84126 /* FinanceCalculatorTests.xctest */;
			productType = "com.apple.product-type.bundle.unit-test";
		};
		4E14949023F476B600E84126 /* FinanceCalculatorUITests */ = {
			isa = PBXNativeTarget;
			buildConfigurationList = 4E1494A023F476B600E84126 /* Build configuration list for PBXNativeTarget "FinanceCalculatorUITests" */;
			buildPhases = (
				4E14948D23F476B600E84126 /* Sources */,
				4E14948E23F476B600E84126 /* Frameworks */,
				4E14948F23F476B600E84126 /* Resources */,
			);
			buildRules = (
			);
			dependencies = (
				4E14949323F476B600E84126 /* PBXTargetDependency */,
			);
			name = FinanceCalculatorUITests;
			productName = FinanceCalculatorUITests;
			productReference = 4E14949123F476B600E84126 /* FinanceCalculatorUITests.xctest */;
			productType = "com.apple.product-type.bundle.ui-testing";
		};
/* End PBXNativeTarget section */

/* Begin PBXProject section */
		4E14946523F476B000E84126 /* Project object */ = {
			isa = PBXProject;
			attributes = {
				LastSwiftUpdateCheck = 1130;
				LastUpgradeCheck = 1130;
				ORGANIZATIONNAME = "Dilum De Silva";
				TargetAttributes = {
					4E14946C23F476B000E84126 = {
						CreatedOnToolsVersion = 11.3.1;
					};
					4E14948523F476B600E84126 = {
						CreatedOnToolsVersion = 11.3.1;
						TestTargetID = 4E14946C23F476B000E84126;
					};
					4E14949023F476B600E84126 = {
						CreatedOnToolsVersion = 11.3.1;
						TestTargetID = 4E14946C23F476B000E84126;
					};
				};
			};
			buildConfigurationList = 4E14946823F476B000E84126 /* Build configuration list for PBXProject "FinanceCalculator" */;
			compatibilityVersion = "Xcode 9.3";
			developmentRegion = en;
			hasScannedForEncodings = 0;
			knownRegions = (
				en,
				Base,
			);
			mainGroup = 4E14946423F476B000E84126;
			productRefGroup = 4E14946E23F476B000E84126 /* Products */;
			projectDirPath = "";
			projectRoot = "";
			targets = (
				4E14946C23F476B000E84126 /* FinanceCalculator */,
				4E14948523F476B600E84126 /* FinanceCalculatorTests */,
				4E14949023F476B600E84126 /* FinanceCalculatorUITests */,
			);
		};
/* End PBXProject section */

/* Begin PBXResourcesBuildPhase section */
		4E14946B23F476B000E84126 /* Resources */ = {
			isa = PBXResourcesBuildPhase;
			buildActionMask = 2147483647;
			files = (
				4E14948023F476B600E84126 /* LaunchScreen.storyboard in Resources */,
				4E14947D23F476B600E84126 /* Assets.xcassets in Resources */,
				4E88B55524143EED0045E919 /* CardCell.xib in Resources */,
				4E14947823F476B000E84126 /* Main.storyboard in Resources */,
				4EAD2E2923F5F78000E99281 /* CustomKeyboard.xib in Resources */,
			);
			runOnlyForDeploymentPostprocessing = 0;
		};
		4E14948423F476B600E84126 /* Resources */ = {
			isa = PBXResourcesBuildPhase;
			buildActionMask = 2147483647;
			files = (
			);
			runOnlyForDeploymentPostprocessing = 0;
		};
		4E14948F23F476B600E84126 /* Resources */ = {
			isa = PBXResourcesBuildPhase;
			buildActionMask = 2147483647;
			files = (
			);
			runOnlyForDeploymentPostprocessing = 0;
		};
/* End PBXResourcesBuildPhase section */

/* Begin PBXSourcesBuildPhase section */
		4E14946923F476B000E84126 /* Sources */ = {
			isa = PBXSourcesBuildPhase;
			buildActionMask = 2147483647;
			files = (
				4E14947B23F476B000E84126 /* FinanceCalculator.xcdatamodeld in Sources */,
				4E88B5462412C0190045E919 /* Calculation.swift in Sources */,
				4E88B55F24169DD80045E919 /* UIViewcontroller+DisplayValidationAlerts.swift in Sources */,
				4E88B5482412C07D0045E919 /* CalculationViewCell.swift in Sources */,
				4E88B54E2412DE960045E919 /* Mortgage.swift in Sources */,
				4EAD2E2723F5F74900E99281 /* CustomKeyboard.swift in Sources */,
				4E88B54A2412DE610045E919 /* CompoundInterestSavings.swift in Sources */,
				4E14947123F476B000E84126 /* AppDelegate.swift in Sources */,
				4E88B55424143EED0045E919 /* CardCell.swift in Sources */,
				4E88B56324173B0D0045E919 /* Conversions.swift in Sources */,
				4E753CC924083FFA00A20462 /* HelpViewController.swift in Sources */,
				4E88B55D241636310045E919 /* UIViewController+HideKeyboard.swift in Sources */,
				4E88B559241633180045E919 /* UITextField+PlaceHolderColor.swift in Sources */,
				4E88B54C2412DE820045E919 /* Loans.swift in Sources */,
				4E753CC324083D5F00A20462 /* TabBarController.swift in Sources */,
				4E753CC524083FBB00A20462 /* CalculationsViewController.swift in Sources */,
				4E753CC724083FD800A20462 /* HistoryViewController.swift in Sources */,
				4E14947323F476B000E84126 /* SceneDelegate.swift in Sources */,
				4E88B55724161F260045E919 /* MortgageViewController.swift in Sources */,
				4E88B55B241636150045E919 /* UITextField+CustomKeyboard.swift in Sources */,
			);
			runOnlyForDeploymentPostprocessing = 0;
		};
		4E14948223F476B600E84126 /* Sources */ = {
			isa = PBXSourcesBuildPhase;
			buildActionMask = 2147483647;
			files = (
				4E14948B23F476B600E84126 /* FinanceCalculatorTests.swift in Sources */,
			);
			runOnlyForDeploymentPostprocessing = 0;
		};
		4E14948D23F476B600E84126 /* Sources */ = {
			isa = PBXSourcesBuildPhase;
			buildActionMask = 2147483647;
			files = (
				4E14949623F476B600E84126 /* FinanceCalculatorUITests.swift in Sources */,
			);
			runOnlyForDeploymentPostprocessing = 0;
		};
/* End PBXSourcesBuildPhase section */

/* Begin PBXTargetDependency section */
		4E14948823F476B600E84126 /* PBXTargetDependency */ = {
			isa = PBXTargetDependency;
			target = 4E14946C23F476B000E84126 /* FinanceCalculator */;
			targetProxy = 4E14948723F476B600E84126 /* PBXContainerItemProxy */;
		};
		4E14949323F476B600E84126 /* PBXTargetDependency */ = {
			isa = PBXTargetDependency;
			target = 4E14946C23F476B000E84126 /* FinanceCalculator */;
			targetProxy = 4E14949223F476B600E84126 /* PBXContainerItemProxy */;
		};
/* End PBXTargetDependency section */

/* Begin PBXVariantGroup section */
		4E14947623F476B000E84126 /* Main.storyboard */ = {
			isa = PBXVariantGroup;
			children = (
				4E14947723F476B000E84126 /* Base */,
			);
			name = Main.storyboard;
			sourceTree = "<group>";
		};
		4E14947E23F476B600E84126 /* LaunchScreen.storyboard */ = {
			isa = PBXVariantGroup;
			children = (
				4E14947F23F476B600E84126 /* Base */,
			);
			name = LaunchScreen.storyboard;
			sourceTree = "<group>";
		};
/* End PBXVariantGroup section */

/* Begin XCBuildConfiguration section */
		4E14949823F476B600E84126 /* Debug */ = {
			isa = XCBuildConfiguration;
			buildSettings = {
				ALWAYS_SEARCH_USER_PATHS = NO;
				CLANG_ANALYZER_NONNULL = YES;
				CLANG_ANALYZER_NUMBER_OBJECT_CONVERSION = YES_AGGRESSIVE;
				CLANG_CXX_LANGUAGE_STANDARD = "gnu++14";
				CLANG_CXX_LIBRARY = "libc++";
				CLANG_ENABLE_MODULES = YES;
				CLANG_ENABLE_OBJC_ARC = YES;
				CLANG_ENABLE_OBJC_WEAK = YES;
				CLANG_WARN_BLOCK_CAPTURE_AUTORELEASING = YES;
				CLANG_WARN_BOOL_CONVERSION = YES;
				CLANG_WARN_COMMA = YES;
				CLANG_WARN_CONSTANT_CONVERSION = YES;
				CLANG_WARN_DEPRECATED_OBJC_IMPLEMENTATIONS = YES;
				CLANG_WARN_DIRECT_OBJC_ISA_USAGE = YES_ERROR;
				CLANG_WARN_DOCUMENTATION_COMMENTS = YES;
				CLANG_WARN_EMPTY_BODY = YES;
				CLANG_WARN_ENUM_CONVERSION = YES;
				CLANG_WARN_INFINITE_RECURSION = YES;
				CLANG_WARN_INT_CONVERSION = YES;
				CLANG_WARN_NON_LITERAL_NULL_CONVERSION = YES;
				CLANG_WARN_OBJC_IMPLICIT_RETAIN_SELF = YES;
				CLANG_WARN_OBJC_LITERAL_CONVERSION = YES;
				CLANG_WARN_OBJC_ROOT_CLASS = YES_ERROR;
				CLANG_WARN_RANGE_LOOP_ANALYSIS = YES;
				CLANG_WARN_STRICT_PROTOTYPES = YES;
				CLANG_WARN_SUSPICIOUS_MOVE = YES;
				CLANG_WARN_UNGUARDED_AVAILABILITY = YES_AGGRESSIVE;
				CLANG_WARN_UNREACHABLE_CODE = YES;
				CLANG_WARN__DUPLICATE_METHOD_MATCH = YES;
				COPY_PHASE_STRIP = NO;
				DEBUG_INFORMATION_FORMAT = dwarf;
				ENABLE_STRICT_OBJC_MSGSEND = YES;
				ENABLE_TESTABILITY = YES;
				GCC_C_LANGUAGE_STANDARD = gnu11;
				GCC_DYNAMIC_NO_PIC = NO;
				GCC_NO_COMMON_BLOCKS = YES;
				GCC_OPTIMIZATION_LEVEL = 0;
				GCC_PREPROCESSOR_DEFINITIONS = (
					"DEBUG=1",
					"$(inherited)",
				);
				GCC_WARN_64_TO_32_BIT_CONVERSION = YES;
				GCC_WARN_ABOUT_RETURN_TYPE = YES_ERROR;
				GCC_WARN_UNDECLARED_SELECTOR = YES;
				GCC_WARN_UNINITIALIZED_AUTOS = YES_AGGRESSIVE;
				GCC_WARN_UNUSED_FUNCTION = YES;
				GCC_WARN_UNUSED_VARIABLE = YES;
				IPHONEOS_DEPLOYMENT_TARGET = 13.2;
				MTL_ENABLE_DEBUG_INFO = INCLUDE_SOURCE;
				MTL_FAST_MATH = YES;
				ONLY_ACTIVE_ARCH = YES;
				SDKROOT = iphoneos;
				SWIFT_ACTIVE_COMPILATION_CONDITIONS = DEBUG;
				SWIFT_OPTIMIZATION_LEVEL = "-Onone";
			};
			name = Debug;
		};
		4E14949923F476B600E84126 /* Release */ = {
			isa = XCBuildConfiguration;
			buildSettings = {
				ALWAYS_SEARCH_USER_PATHS = NO;
				CLANG_ANALYZER_NONNULL = YES;
				CLANG_ANALYZER_NUMBER_OBJECT_CONVERSION = YES_AGGRESSIVE;
				CLANG_CXX_LANGUAGE_STANDARD = "gnu++14";
				CLANG_CXX_LIBRARY = "libc++";
				CLANG_ENABLE_MODULES = YES;
				CLANG_ENABLE_OBJC_ARC = YES;
				CLANG_ENABLE_OBJC_WEAK = YES;
				CLANG_WARN_BLOCK_CAPTURE_AUTORELEASING = YES;
				CLANG_WARN_BOOL_CONVERSION = YES;
				CLANG_WARN_COMMA = YES;
				CLANG_WARN_CONSTANT_CONVERSION = YES;
				CLANG_WARN_DEPRECATED_OBJC_IMPLEMENTATIONS = YES;
				CLANG_WARN_DIRECT_OBJC_ISA_USAGE = YES_ERROR;
				CLANG_WARN_DOCUMENTATION_COMMENTS = YES;
				CLANG_WARN_EMPTY_BODY = YES;
				CLANG_WARN_ENUM_CONVERSION = YES;
				CLANG_WARN_INFINITE_RECURSION = YES;
				CLANG_WARN_INT_CONVERSION = YES;
				CLANG_WARN_NON_LITERAL_NULL_CONVERSION = YES;
				CLANG_WARN_OBJC_IMPLICIT_RETAIN_SELF = YES;
				CLANG_WARN_OBJC_LITERAL_CONVERSION = YES;
				CLANG_WARN_OBJC_ROOT_CLASS = YES_ERROR;
				CLANG_WARN_RANGE_LOOP_ANALYSIS = YES;
				CLANG_WARN_STRICT_PROTOTYPES = YES;
				CLANG_WARN_SUSPICIOUS_MOVE = YES;
				CLANG_WARN_UNGUARDED_AVAILABILITY = YES_AGGRESSIVE;
				CLANG_WARN_UNREACHABLE_CODE = YES;
				CLANG_WARN__DUPLICATE_METHOD_MATCH = YES;
				COPY_PHASE_STRIP = NO;
				DEBUG_INFORMATION_FORMAT = "dwarf-with-dsym";
				ENABLE_NS_ASSERTIONS = NO;
				ENABLE_STRICT_OBJC_MSGSEND = YES;
				GCC_C_LANGUAGE_STANDARD = gnu11;
				GCC_NO_COMMON_BLOCKS = YES;
				GCC_WARN_64_TO_32_BIT_CONVERSION = YES;
				GCC_WARN_ABOUT_RETURN_TYPE = YES_ERROR;
				GCC_WARN_UNDECLARED_SELECTOR = YES;
				GCC_WARN_UNINITIALIZED_AUTOS = YES_AGGRESSIVE;
				GCC_WARN_UNUSED_FUNCTION = YES;
				GCC_WARN_UNUSED_VARIABLE = YES;
				IPHONEOS_DEPLOYMENT_TARGET = 13.2;
				MTL_ENABLE_DEBUG_INFO = NO;
				MTL_FAST_MATH = YES;
				SDKROOT = iphoneos;
				SWIFT_COMPILATION_MODE = wholemodule;
				SWIFT_OPTIMIZATION_LEVEL = "-O";
				VALIDATE_PRODUCT = YES;
			};
			name = Release;
		};
		4E14949B23F476B600E84126 /* Debug */ = {
			isa = XCBuildConfiguration;
			buildSettings = {
				ASSETCATALOG_COMPILER_APPICON_NAME = "AppIcon-1";
				CODE_SIGN_STYLE = Automatic;
				DEVELOPMENT_TEAM = 2737DXVWD8;
				INFOPLIST_FILE = FinanceCalculator/Info.plist;
				LD_RUNPATH_SEARCH_PATHS = (
					"$(inherited)",
					"@executable_path/Frameworks",
				);
				PRODUCT_BUNDLE_IDENTIFIER = com.dilum.FinanceCalculator;
				PRODUCT_NAME = "Finance Calculator";
				SWIFT_VERSION = 5.0;
				TARGETED_DEVICE_FAMILY = 1;
			};
			name = Debug;
		};
		4E14949C23F476B600E84126 /* Release */ = {
			isa = XCBuildConfiguration;
			buildSettings = {
				ASSETCATALOG_COMPILER_APPICON_NAME = "AppIcon-1";
				CODE_SIGN_STYLE = Automatic;
				DEVELOPMENT_TEAM = 2737DXVWD8;
				INFOPLIST_FILE = FinanceCalculator/Info.plist;
				LD_RUNPATH_SEARCH_PATHS = (
					"$(inherited)",
					"@executable_path/Frameworks",
				);
				PRODUCT_BUNDLE_IDENTIFIER = com.dilum.FinanceCalculator;
				PRODUCT_NAME = "Finance Calculator";
				SWIFT_VERSION = 5.0;
				TARGETED_DEVICE_FAMILY = 1;
			};
			name = Release;
		};
		4E14949E23F476B600E84126 /* Debug */ = {
			isa = XCBuildConfiguration;
			buildSettings = {
				ALWAYS_EMBED_SWIFT_STANDARD_LIBRARIES = YES;
				BUNDLE_LOADER = "$(TEST_HOST)";
				CODE_SIGN_STYLE = Automatic;
				INFOPLIST_FILE = FinanceCalculatorTests/Info.plist;
				IPHONEOS_DEPLOYMENT_TARGET = 13.2;
				LD_RUNPATH_SEARCH_PATHS = (
					"$(inherited)",
					"@executable_path/Frameworks",
					"@loader_path/Frameworks",
				);
				PRODUCT_BUNDLE_IDENTIFIER = com.dilum.FinanceCalculatorTests;
				PRODUCT_NAME = "$(TARGET_NAME)";
				SWIFT_VERSION = 5.0;
				TARGETED_DEVICE_FAMILY = "1,2";
				TEST_HOST = "$(BUILT_PRODUCTS_DIR)/FinanceCalculator.app/FinanceCalculator";
			};
			name = Debug;
		};
		4E14949F23F476B600E84126 /* Release */ = {
			isa = XCBuildConfiguration;
			buildSettings = {
				ALWAYS_EMBED_SWIFT_STANDARD_LIBRARIES = YES;
				BUNDLE_LOADER = "$(TEST_HOST)";
				CODE_SIGN_STYLE = Automatic;
				INFOPLIST_FILE = FinanceCalculatorTests/Info.plist;
				IPHONEOS_DEPLOYMENT_TARGET = 13.2;
				LD_RUNPATH_SEARCH_PATHS = (
					"$(inherited)",
					"@executable_path/Frameworks",
					"@loader_path/Frameworks",
				);
				PRODUCT_BUNDLE_IDENTIFIER = com.dilum.FinanceCalculatorTests;
				PRODUCT_NAME = "$(TARGET_NAME)";
				SWIFT_VERSION = 5.0;
				TARGETED_DEVICE_FAMILY = "1,2";
				TEST_HOST = "$(BUILT_PRODUCTS_DIR)/FinanceCalculator.app/FinanceCalculator";
			};
			name = Release;
		};
		4E1494A123F476B600E84126 /* Debug */ = {
			isa = XCBuildConfiguration;
			buildSettings = {
				ALWAYS_EMBED_SWIFT_STANDARD_LIBRARIES = YES;
				CODE_SIGN_STYLE = Automatic;
				INFOPLIST_FILE = FinanceCalculatorUITests/Info.plist;
				LD_RUNPATH_SEARCH_PATHS = (
					"$(inherited)",
					"@executable_path/Frameworks",
					"@loader_path/Frameworks",
				);
				PRODUCT_BUNDLE_IDENTIFIER = com.dilum.FinanceCalculatorUITests;
				PRODUCT_NAME = "$(TARGET_NAME)";
				SWIFT_VERSION = 5.0;
				TARGETED_DEVICE_FAMILY = "1,2";
				TEST_TARGET_NAME = FinanceCalculator;
			};
			name = Debug;
		};
		4E1494A223F476B600E84126 /* Release */ = {
			isa = XCBuildConfiguration;
			buildSettings = {
				ALWAYS_EMBED_SWIFT_STANDARD_LIBRARIES = YES;
				CODE_SIGN_STYLE = Automatic;
				INFOPLIST_FILE = FinanceCalculatorUITests/Info.plist;
				LD_RUNPATH_SEARCH_PATHS = (
					"$(inherited)",
					"@executable_path/Frameworks",
					"@loader_path/Frameworks",
				);
				PRODUCT_BUNDLE_IDENTIFIER = com.dilum.FinanceCalculatorUITests;
				PRODUCT_NAME = "$(TARGET_NAME)";
				SWIFT_VERSION = 5.0;
				TARGETED_DEVICE_FAMILY = "1,2";
				TEST_TARGET_NAME = FinanceCalculator;
			};
			name = Release;
		};
/* End XCBuildConfiguration section */

/* Begin XCConfigurationList section */
		4E14946823F476B000E84126 /* Build configuration list for PBXProject "FinanceCalculator" */ = {
			isa = XCConfigurationList;
			buildConfigurations = (
				4E14949823F476B600E84126 /* Debug */,
				4E14949923F476B600E84126 /* Release */,
			);
			defaultConfigurationIsVisible = 0;
			defaultConfigurationName = Release;
		};
		4E14949A23F476B600E84126 /* Build configuration list for PBXNativeTarget "FinanceCalculator" */ = {
			isa = XCConfigurationList;
			buildConfigurations = (
				4E14949B23F476B600E84126 /* Debug */,
				4E14949C23F476B600E84126 /* Release */,
			);
			defaultConfigurationIsVisible = 0;
			defaultConfigurationName = Release;
		};
		4E14949D23F476B600E84126 /* Build configuration list for PBXNativeTarget "FinanceCalculatorTests" */ = {
			isa = XCConfigurationList;
			buildConfigurations = (
				4E14949E23F476B600E84126 /* Debug */,
				4E14949F23F476B600E84126 /* Release */,
			);
			defaultConfigurationIsVisible = 0;
			defaultConfigurationName = Release;
		};
		4E1494A023F476B600E84126 /* Build configuration list for PBXNativeTarget "FinanceCalculatorUITests" */ = {
			isa = XCConfigurationList;
			buildConfigurations = (
				4E1494A123F476B600E84126 /* Debug */,
				4E1494A223F476B600E84126 /* Release */,
			);
			defaultConfigurationIsVisible = 0;
			defaultConfigurationName = Release;
		};
/* End XCConfigurationList section */

/* Begin XCVersionGroup section */
		4E14947923F476B000E84126 /* FinanceCalculator.xcdatamodeld */ = {
			isa = XCVersionGroup;
			children = (
				4E14947A23F476B000E84126 /* FinanceCalculator.xcdatamodel */,
			);
			currentVersion = 4E14947A23F476B000E84126 /* FinanceCalculator.xcdatamodel */;
			path = FinanceCalculator.xcdatamodeld;
			sourceTree = "<group>";
			versionGroupType = wrapper.xcdatamodel;
		};
/* End XCVersionGroup section */
	};
	rootObject = 4E14946523F476B000E84126 /* Project object */;
}
